// !$*UTF8*$!
{
	archiveVersion = 1;
	classes = {
	};
	objectVersion = 45;
	objects = {

/* Begin PBXBuildFile section */
		1CA1814B12146ED000DEDDB7 /* GameController.m in Sources */ = {isa = PBXBuildFile; fileRef = 1CA1814A12146ED000DEDDB7 /* GameController.m */; };
		1CA1814D12146EE700DEDDB7 /* GameController.xib in Resources */ = {isa = PBXBuildFile; fileRef = 1CA1814C12146EE700DEDDB7 /* GameController.xib */; };
		1CA1815012146F0A00DEDDB7 /* MatchmakerAppDelegate.m in Sources */ = {isa = PBXBuildFile; fileRef = 1CA1814F12146F0A00DEDDB7 /* MatchmakerAppDelegate.m */; };
		1CA1815412146F6700DEDDB7 /* MainWindow.xib in Resources */ = {isa = PBXBuildFile; fileRef = 1CA1815312146F6700DEDDB7 /* MainWindow.xib */; };
		1CA181D712147CD300DEDDB7 /* README in Resources */ = {isa = PBXBuildFile; fileRef = 1CA181D612147CD300DEDDB7 /* README */; };
		1CA183F4121499EE00DEDDB7 /* MyModel.m in Sources */ = {isa = PBXBuildFile; fileRef = 1CA183E5121499EE00DEDDB7 /* MyModel.m */; };
		1CA183F5121499EE00DEDDB7 /* GameController.m in Sources */ = {isa = PBXBuildFile; fileRef = 1CA183EA121499EE00DEDDB7 /* GameController.m */; };
		1CA183F6121499EE00DEDDB7 /* main.m in Sources */ = {isa = PBXBuildFile; fileRef = 1CA183EB121499EE00DEDDB7 /* main.m */; };
		1CA183F7121499EE00DEDDB7 /* MatchmakerAppDelegate.m in Sources */ = {isa = PBXBuildFile; fileRef = 1CA183ED121499EE00DEDDB7 /* MatchmakerAppDelegate.m */; };
		1CA183F8121499EE00DEDDB7 /* GameController.xib in Resources */ = {isa = PBXBuildFile; fileRef = 1CA183EF121499EE00DEDDB7 /* GameController.xib */; };
		1CA183F9121499EE00DEDDB7 /* MainWindow.xib in Resources */ = {isa = PBXBuildFile; fileRef = 1CA183F0121499EE00DEDDB7 /* MainWindow.xib */; };
		1CA183FA121499EE00DEDDB7 /* MyView.m in Sources */ = {isa = PBXBuildFile; fileRef = 1CA183F3121499EE00DEDDB7 /* MyView.m */; };
		1CAC76C112149AAB0037891B /* SeriouslyJSON.m in Sources */ = {isa = PBXBuildFile; fileRef = 1CAC76A312149AAB0037891B /* SeriouslyJSON.m */; };
		1CAC76C212149AAB0037891B /* yajl.c in Sources */ = {isa = PBXBuildFile; fileRef = 1CAC76A912149AAB0037891B /* yajl.c */; };
		1CAC76C312149AAB0037891B /* yajl_alloc.c in Sources */ = {isa = PBXBuildFile; fileRef = 1CAC76AA12149AAB0037891B /* yajl_alloc.c */; };
		1CAC76C412149AAB0037891B /* yajl_buf.c in Sources */ = {isa = PBXBuildFile; fileRef = 1CAC76AC12149AAB0037891B /* yajl_buf.c */; };
		1CAC76C512149AAB0037891B /* yajl_encode.c in Sources */ = {isa = PBXBuildFile; fileRef = 1CAC76B012149AAB0037891B /* yajl_encode.c */; };
		1CAC76C612149AAB0037891B /* yajl_gen.c in Sources */ = {isa = PBXBuildFile; fileRef = 1CAC76B212149AAB0037891B /* yajl_gen.c */; };
		1CAC76C712149AAB0037891B /* yajl_lex.c in Sources */ = {isa = PBXBuildFile; fileRef = 1CAC76B412149AAB0037891B /* yajl_lex.c */; };
		1CAC76C812149AAB0037891B /* yajl_parser.c in Sources */ = {isa = PBXBuildFile; fileRef = 1CAC76B712149AAB0037891B /* yajl_parser.c */; };
		1CAC76C912149AAB0037891B /* Seriously.m in Sources */ = {isa = PBXBuildFile; fileRef = 1CAC76BA12149AAB0037891B /* Seriously.m */; };
		1CAC76CA12149AAB0037891B /* SeriouslyOperation.m in Sources */ = {isa = PBXBuildFile; fileRef = 1CAC76BD12149AAB0037891B /* SeriouslyOperation.m */; };
		1CAC76CB12149AAB0037891B /* SeriouslyXML.m in Sources */ = {isa = PBXBuildFile; fileRef = 1CAC76C012149AAB0037891B /* SeriouslyXML.m */; };
		1CAC77DA1214AE300037891B /* SeriouslyJSON.m in Sources */ = {isa = PBXBuildFile; fileRef = 1CAC77BC1214AE300037891B /* SeriouslyJSON.m */; };
		1CAC77DB1214AE300037891B /* yajl.c in Sources */ = {isa = PBXBuildFile; fileRef = 1CAC77C21214AE300037891B /* yajl.c */; };
		1CAC77DC1214AE300037891B /* yajl_alloc.c in Sources */ = {isa = PBXBuildFile; fileRef = 1CAC77C31214AE300037891B /* yajl_alloc.c */; };
		1CAC77DD1214AE300037891B /* yajl_buf.c in Sources */ = {isa = PBXBuildFile; fileRef = 1CAC77C51214AE300037891B /* yajl_buf.c */; };
		1CAC77DE1214AE300037891B /* yajl_encode.c in Sources */ = {isa = PBXBuildFile; fileRef = 1CAC77C91214AE300037891B /* yajl_encode.c */; };
		1CAC77DF1214AE300037891B /* yajl_gen.c in Sources */ = {isa = PBXBuildFile; fileRef = 1CAC77CB1214AE300037891B /* yajl_gen.c */; };
		1CAC77E01214AE300037891B /* yajl_lex.c in Sources */ = {isa = PBXBuildFile; fileRef = 1CAC77CD1214AE300037891B /* yajl_lex.c */; };
		1CAC77E11214AE300037891B /* yajl_parser.c in Sources */ = {isa = PBXBuildFile; fileRef = 1CAC77D01214AE300037891B /* yajl_parser.c */; };
		1CAC77E21214AE300037891B /* Seriously.m in Sources */ = {isa = PBXBuildFile; fileRef = 1CAC77D31214AE300037891B /* Seriously.m */; };
		1CAC77E31214AE300037891B /* SeriouslyOperation.m in Sources */ = {isa = PBXBuildFile; fileRef = 1CAC77D61214AE300037891B /* SeriouslyOperation.m */; };
		1CAC77E41214AE300037891B /* SeriouslyXML.m in Sources */ = {isa = PBXBuildFile; fileRef = 1CAC77D91214AE300037891B /* SeriouslyXML.m */; };
		AE26662B11EFB89800EE18BD /* MyModelSpec.m in Sources */ = {isa = PBXBuildFile; fileRef = AE26662A11EFB89800EE18BD /* MyModelSpec.m */; };
		AE26663311EFB93400EE18BD /* MyModel.m in Sources */ = {isa = PBXBuildFile; fileRef = AE26663211EFB93400EE18BD /* MyModel.m */; };
		AE26667711EFBAB100EE18BD /* Cedar-iPhone.framework in Frameworks */ = {isa = PBXBuildFile; fileRef = AE42792411EF992A00CFF331 /* Cedar-iPhone.framework */; };
		AE26667811EFBAB100EE18BD /* OCHamcrest-iPhone.framework in Frameworks */ = {isa = PBXBuildFile; fileRef = AE42794311EF997500CFF331 /* OCHamcrest-iPhone.framework */; };
		AE26669011EFBBA500EE18BD /* MyViewSpec.m in Sources */ = {isa = PBXBuildFile; fileRef = AE26668F11EFBBA500EE18BD /* MyViewSpec.m */; };
		AE2667B211EFC2B000EE18BD /* OCMock-iPhone.framework in Frameworks */ = {isa = PBXBuildFile; fileRef = AE2667B111EFC2B000EE18BD /* OCMock-iPhone.framework */; };
		AE4277B711EF91AD00CFF331 /* OCHamcrest.framework in Frameworks */ = {isa = PBXBuildFile; fileRef = AE4277B611EF91AD00CFF331 /* OCHamcrest.framework */; };
		AE4277F911EF91FB00CFF331 /* OCMock.framework in Frameworks */ = {isa = PBXBuildFile; fileRef = AE4277F811EF91FB00CFF331 /* OCMock.framework */; };
		AE42780311EF921B00CFF331 /* Cedar.framework in Frameworks */ = {isa = PBXBuildFile; fileRef = AE42778911EF8FD600CFF331 /* Cedar.framework */; };
		AE42781011EF929700CFF331 /* Cedar.framework in CopyFiles */ = {isa = PBXBuildFile; fileRef = AE42778911EF8FD600CFF331 /* Cedar.framework */; };
		AE42781111EF929700CFF331 /* OCHamcrest.framework in CopyFiles */ = {isa = PBXBuildFile; fileRef = AE4277B611EF91AD00CFF331 /* OCHamcrest.framework */; };
		AE42781211EF929700CFF331 /* OCMock.framework in CopyFiles */ = {isa = PBXBuildFile; fileRef = AE4277F811EF91FB00CFF331 /* OCMock.framework */; };
		AE4279C011EFB67F00CFF331 /* MyView.m in Sources */ = {isa = PBXBuildFile; fileRef = AE42798311EFB40800CFF331 /* MyView.m */; };
		AE4279F511EFB7A000CFF331 /* main.m in Sources */ = {isa = PBXBuildFile; fileRef = AE4279F411EFB7A000CFF331 /* main.m */; };
		AE427A0711EFB82600CFF331 /* main.m in Sources */ = {isa = PBXBuildFile; fileRef = AE427A0611EFB82600CFF331 /* main.m */; };
/* End PBXBuildFile section */

/* Begin PBXCopyFilesBuildPhase section */
		AE42781311EF92B600CFF331 /* CopyFiles */ = {
			isa = PBXCopyFilesBuildPhase;
			buildActionMask = 2147483647;
			dstPath = "";
			dstSubfolderSpec = 10;
			files = (
				AE42781011EF929700CFF331 /* Cedar.framework in CopyFiles */,
				AE42781111EF929700CFF331 /* OCHamcrest.framework in CopyFiles */,
				AE42781211EF929700CFF331 /* OCMock.framework in CopyFiles */,
			);
			runOnlyForDeploymentPostprocessing = 0;
		};
/* End PBXCopyFilesBuildPhase section */

/* Begin PBXFileReference section */
		08FB779EFE84155DC02AAC07 /* Foundation.framework */ = {isa = PBXFileReference; lastKnownFileType = wrapper.framework; name = Foundation.framework; path = /System/Library/Frameworks/Foundation.framework; sourceTree = "<absolute>"; };
		1CA1814912146ED000DEDDB7 /* GameController.h */ = {isa = PBXFileReference; fileEncoding = 4; lastKnownFileType = sourcecode.c.h; path = GameController.h; sourceTree = "<group>"; };
		1CA1814A12146ED000DEDDB7 /* GameController.m */ = {isa = PBXFileReference; fileEncoding = 4; lastKnownFileType = sourcecode.c.objc; path = GameController.m; sourceTree = "<group>"; };
		1CA1814C12146EE700DEDDB7 /* GameController.xib */ = {isa = PBXFileReference; lastKnownFileType = file.xib; path = GameController.xib; sourceTree = "<group>"; };
		1CA1814E12146F0A00DEDDB7 /* MatchmakerAppDelegate.h */ = {isa = PBXFileReference; fileEncoding = 4; lastKnownFileType = sourcecode.c.h; path = MatchmakerAppDelegate.h; sourceTree = "<group>"; };
		1CA1814F12146F0A00DEDDB7 /* MatchmakerAppDelegate.m */ = {isa = PBXFileReference; fileEncoding = 4; lastKnownFileType = sourcecode.c.objc; path = MatchmakerAppDelegate.m; sourceTree = "<group>"; };
		1CA1815112146F5E00DEDDB7 /* main.m */ = {isa = PBXFileReference; fileEncoding = 4; lastKnownFileType = sourcecode.c.objc; path = main.m; sourceTree = "<group>"; };
		1CA1815312146F6700DEDDB7 /* MainWindow.xib */ = {isa = PBXFileReference; lastKnownFileType = file.xib; path = MainWindow.xib; sourceTree = "<group>"; };
		1CA1815B12146F8B00DEDDB7 /* Matchmaker-Info.plist */ = {isa = PBXFileReference; lastKnownFileType = text.plist.xml; path = "Matchmaker-Info.plist"; sourceTree = "<group>"; };
		1CA1817A121470FB00DEDDB7 /* Matchmaker.app */ = {isa = PBXFileReference; explicitFileType = wrapper.application; includeInIndex = 0; path = Matchmaker.app; sourceTree = BUILT_PRODUCTS_DIR; };
		1CA181AF1214745400DEDDB7 /* Rakefile */ = {isa = PBXFileReference; fileEncoding = 4; lastKnownFileType = text; path = Rakefile; sourceTree = "<group>"; };
		1CA181D612147CD300DEDDB7 /* README */ = {isa = PBXFileReference; fileEncoding = 4; lastKnownFileType = text; path = README; sourceTree = "<group>"; };
		1CA183E4121499EE00DEDDB7 /* MyModel.h */ = {isa = PBXFileReference; fileEncoding = 4; lastKnownFileType = sourcecode.c.h; path = MyModel.h; sourceTree = "<group>"; };
		1CA183E5121499EE00DEDDB7 /* MyModel.m */ = {isa = PBXFileReference; fileEncoding = 4; lastKnownFileType = sourcecode.c.objc; path = MyModel.m; sourceTree = "<group>"; };
		1CA183E6121499EE00DEDDB7 /* Matchmaker_ios_Prefix.pch */ = {isa = PBXFileReference; fileEncoding = 4; lastKnownFileType = sourcecode.c.h; path = Matchmaker_ios_Prefix.pch; sourceTree = "<group>"; };
		1CA183E9121499EE00DEDDB7 /* GameController.h */ = {isa = PBXFileReference; fileEncoding = 4; lastKnownFileType = sourcecode.c.h; path = GameController.h; sourceTree = "<group>"; };
		1CA183EA121499EE00DEDDB7 /* GameController.m */ = {isa = PBXFileReference; fileEncoding = 4; lastKnownFileType = sourcecode.c.objc; path = GameController.m; sourceTree = "<group>"; };
		1CA183EB121499EE00DEDDB7 /* main.m */ = {isa = PBXFileReference; fileEncoding = 4; lastKnownFileType = sourcecode.c.objc; path = main.m; sourceTree = "<group>"; };
		1CA183EC121499EE00DEDDB7 /* MatchmakerAppDelegate.h */ = {isa = PBXFileReference; fileEncoding = 4; lastKnownFileType = sourcecode.c.h; path = MatchmakerAppDelegate.h; sourceTree = "<group>"; };
		1CA183ED121499EE00DEDDB7 /* MatchmakerAppDelegate.m */ = {isa = PBXFileReference; fileEncoding = 4; lastKnownFileType = sourcecode.c.objc; path = MatchmakerAppDelegate.m; sourceTree = "<group>"; };
		1CA183EF121499EE00DEDDB7 /* GameController.xib */ = {isa = PBXFileReference; lastKnownFileType = file.xib; path = GameController.xib; sourceTree = "<group>"; };
		1CA183F0121499EE00DEDDB7 /* MainWindow.xib */ = {isa = PBXFileReference; lastKnownFileType = file.xib; path = MainWindow.xib; sourceTree = "<group>"; };
		1CA183F2121499EE00DEDDB7 /* MyView.h */ = {isa = PBXFileReference; fileEncoding = 4; lastKnownFileType = sourcecode.c.h; path = MyView.h; sourceTree = "<group>"; };
		1CA183F3121499EE00DEDDB7 /* MyView.m */ = {isa = PBXFileReference; fileEncoding = 4; lastKnownFileType = sourcecode.c.objc; path = MyView.m; sourceTree = "<group>"; };
		1CAC76A212149AAB0037891B /* SeriouslyJSON.h */ = {isa = PBXFileReference; fileEncoding = 4; lastKnownFileType = sourcecode.c.h; path = SeriouslyJSON.h; sourceTree = "<group>"; };
		1CAC76A312149AAB0037891B /* SeriouslyJSON.m */ = {isa = PBXFileReference; fileEncoding = 4; lastKnownFileType = sourcecode.c.objc; path = SeriouslyJSON.m; sourceTree = "<group>"; };
		1CAC76A612149AAB0037891B /* yajl_common.h */ = {isa = PBXFileReference; fileEncoding = 4; lastKnownFileType = sourcecode.c.h; path = yajl_common.h; sourceTree = "<group>"; };
		1CAC76A712149AAB0037891B /* yajl_gen.h */ = {isa = PBXFileReference; fileEncoding = 4; lastKnownFileType = sourcecode.c.h; path = yajl_gen.h; sourceTree = "<group>"; };
		1CAC76A812149AAB0037891B /* yajl_parse.h */ = {isa = PBXFileReference; fileEncoding = 4; lastKnownFileType = sourcecode.c.h; path = yajl_parse.h; sourceTree = "<group>"; };
		1CAC76A912149AAB0037891B /* yajl.c */ = {isa = PBXFileReference; fileEncoding = 4; lastKnownFileType = sourcecode.c.c; path = yajl.c; sourceTree = "<group>"; };
		1CAC76AA12149AAB0037891B /* yajl_alloc.c */ = {isa = PBXFileReference; fileEncoding = 4; lastKnownFileType = sourcecode.c.c; path = yajl_alloc.c; sourceTree = "<group>"; };
		1CAC76AB12149AAB0037891B /* yajl_alloc.h */ = {isa = PBXFileReference; fileEncoding = 4; lastKnownFileType = sourcecode.c.h; path = yajl_alloc.h; sourceTree = "<group>"; };
		1CAC76AC12149AAB0037891B /* yajl_buf.c */ = {isa = PBXFileReference; fileEncoding = 4; lastKnownFileType = sourcecode.c.c; path = yajl_buf.c; sourceTree = "<group>"; };
		1CAC76AD12149AAB0037891B /* yajl_buf.h */ = {isa = PBXFileReference; fileEncoding = 4; lastKnownFileType = sourcecode.c.h; path = yajl_buf.h; sourceTree = "<group>"; };
		1CAC76AE12149AAB0037891B /* yajl_bytestack.h */ = {isa = PBXFileReference; fileEncoding = 4; lastKnownFileType = sourcecode.c.h; path = yajl_bytestack.h; sourceTree = "<group>"; };
		1CAC76AF12149AAB0037891B /* yajl_common.h */ = {isa = PBXFileReference; fileEncoding = 4; lastKnownFileType = sourcecode.c.h; path = yajl_common.h; sourceTree = "<group>"; };
		1CAC76B012149AAB0037891B /* yajl_encode.c */ = {isa = PBXFileReference; fileEncoding = 4; lastKnownFileType = sourcecode.c.c; path = yajl_encode.c; sourceTree = "<group>"; };
		1CAC76B112149AAB0037891B /* yajl_encode.h */ = {isa = PBXFileReference; fileEncoding = 4; lastKnownFileType = sourcecode.c.h; path = yajl_encode.h; sourceTree = "<group>"; };
		1CAC76B212149AAB0037891B /* yajl_gen.c */ = {isa = PBXFileReference; fileEncoding = 4; lastKnownFileType = sourcecode.c.c; path = yajl_gen.c; sourceTree = "<group>"; };
		1CAC76B312149AAB0037891B /* yajl_gen.h */ = {isa = PBXFileReference; fileEncoding = 4; lastKnownFileType = sourcecode.c.h; path = yajl_gen.h; sourceTree = "<group>"; };
		1CAC76B412149AAB0037891B /* yajl_lex.c */ = {isa = PBXFileReference; fileEncoding = 4; lastKnownFileType = sourcecode.c.c; path = yajl_lex.c; sourceTree = "<group>"; };
		1CAC76B512149AAB0037891B /* yajl_lex.h */ = {isa = PBXFileReference; fileEncoding = 4; lastKnownFileType = sourcecode.c.h; path = yajl_lex.h; sourceTree = "<group>"; };
		1CAC76B612149AAB0037891B /* yajl_parse.h */ = {isa = PBXFileReference; fileEncoding = 4; lastKnownFileType = sourcecode.c.h; path = yajl_parse.h; sourceTree = "<group>"; };
		1CAC76B712149AAB0037891B /* yajl_parser.c */ = {isa = PBXFileReference; fileEncoding = 4; lastKnownFileType = sourcecode.c.c; path = yajl_parser.c; sourceTree = "<group>"; };
		1CAC76B812149AAB0037891B /* yajl_parser.h */ = {isa = PBXFileReference; fileEncoding = 4; lastKnownFileType = sourcecode.c.h; path = yajl_parser.h; sourceTree = "<group>"; };
		1CAC76B912149AAB0037891B /* Seriously.h */ = {isa = PBXFileReference; fileEncoding = 4; lastKnownFileType = sourcecode.c.h; path = Seriously.h; sourceTree = "<group>"; };
		1CAC76BA12149AAB0037891B /* Seriously.m */ = {isa = PBXFileReference; fileEncoding = 4; lastKnownFileType = sourcecode.c.objc; path = Seriously.m; sourceTree = "<group>"; };
		1CAC76BB12149AAB0037891B /* SeriouslyConstants.h */ = {isa = PBXFileReference; fileEncoding = 4; lastKnownFileType = sourcecode.c.h; path = SeriouslyConstants.h; sourceTree = "<group>"; };
		1CAC76BC12149AAB0037891B /* SeriouslyOperation.h */ = {isa = PBXFileReference; fileEncoding = 4; lastKnownFileType = sourcecode.c.h; path = SeriouslyOperation.h; sourceTree = "<group>"; };
		1CAC76BD12149AAB0037891B /* SeriouslyOperation.m */ = {isa = PBXFileReference; fileEncoding = 4; lastKnownFileType = sourcecode.c.objc; path = SeriouslyOperation.m; sourceTree = "<group>"; };
		1CAC76BF12149AAB0037891B /* SeriouslyXML.h */ = {isa = PBXFileReference; fileEncoding = 4; lastKnownFileType = sourcecode.c.h; path = SeriouslyXML.h; sourceTree = "<group>"; };
		1CAC76C012149AAB0037891B /* SeriouslyXML.m */ = {isa = PBXFileReference; fileEncoding = 4; lastKnownFileType = sourcecode.c.objc; path = SeriouslyXML.m; sourceTree = "<group>"; };
		1CAC77BB1214AE300037891B /* SeriouslyJSON.h */ = {isa = PBXFileReference; fileEncoding = 4; lastKnownFileType = sourcecode.c.h; path = SeriouslyJSON.h; sourceTree = "<group>"; };
		1CAC77BC1214AE300037891B /* SeriouslyJSON.m */ = {isa = PBXFileReference; fileEncoding = 4; lastKnownFileType = sourcecode.c.objc; path = SeriouslyJSON.m; sourceTree = "<group>"; };
		1CAC77BF1214AE300037891B /* yajl_common.h */ = {isa = PBXFileReference; fileEncoding = 4; lastKnownFileType = sourcecode.c.h; path = yajl_common.h; sourceTree = "<group>"; };
		1CAC77C01214AE300037891B /* yajl_gen.h */ = {isa = PBXFileReference; fileEncoding = 4; lastKnownFileType = sourcecode.c.h; path = yajl_gen.h; sourceTree = "<group>"; };
		1CAC77C11214AE300037891B /* yajl_parse.h */ = {isa = PBXFileReference; fileEncoding = 4; lastKnownFileType = sourcecode.c.h; path = yajl_parse.h; sourceTree = "<group>"; };
		1CAC77C21214AE300037891B /* yajl.c */ = {isa = PBXFileReference; fileEncoding = 4; lastKnownFileType = sourcecode.c.c; path = yajl.c; sourceTree = "<group>"; };
		1CAC77C31214AE300037891B /* yajl_alloc.c */ = {isa = PBXFileReference; fileEncoding = 4; lastKnownFileType = sourcecode.c.c; path = yajl_alloc.c; sourceTree = "<group>"; };
		1CAC77C41214AE300037891B /* yajl_alloc.h */ = {isa = PBXFileReference; fileEncoding = 4; lastKnownFileType = sourcecode.c.h; path = yajl_alloc.h; sourceTree = "<group>"; };
		1CAC77C51214AE300037891B /* yajl_buf.c */ = {isa = PBXFileReference; fileEncoding = 4; lastKnownFileType = sourcecode.c.c; path = yajl_buf.c; sourceTree = "<group>"; };
		1CAC77C61214AE300037891B /* yajl_buf.h */ = {isa = PBXFileReference; fileEncoding = 4; lastKnownFileType = sourcecode.c.h; path = yajl_buf.h; sourceTree = "<group>"; };
		1CAC77C71214AE300037891B /* yajl_bytestack.h */ = {isa = PBXFileReference; fileEncoding = 4; lastKnownFileType = sourcecode.c.h; path = yajl_bytestack.h; sourceTree = "<group>"; };
		1CAC77C81214AE300037891B /* yajl_common.h */ = {isa = PBXFileReference; fileEncoding = 4; lastKnownFileType = sourcecode.c.h; path = yajl_common.h; sourceTree = "<group>"; };
		1CAC77C91214AE300037891B /* yajl_encode.c */ = {isa = PBXFileReference; fileEncoding = 4; lastKnownFileType = sourcecode.c.c; path = yajl_encode.c; sourceTree = "<group>"; };
		1CAC77CA1214AE300037891B /* yajl_encode.h */ = {isa = PBXFileReference; fileEncoding = 4; lastKnownFileType = sourcecode.c.h; path = yajl_encode.h; sourceTree = "<group>"; };
		1CAC77CB1214AE300037891B /* yajl_gen.c */ = {isa = PBXFileReference; fileEncoding = 4; lastKnownFileType = sourcecode.c.c; path = yajl_gen.c; sourceTree = "<group>"; };
		1CAC77CC1214AE300037891B /* yajl_gen.h */ = {isa = PBXFileReference; fileEncoding = 4; lastKnownFileType = sourcecode.c.h; path = yajl_gen.h; sourceTree = "<group>"; };
		1CAC77CD1214AE300037891B /* yajl_lex.c */ = {isa = PBXFileReference; fileEncoding = 4; lastKnownFileType = sourcecode.c.c; path = yajl_lex.c; sourceTree = "<group>"; };
		1CAC77CE1214AE300037891B /* yajl_lex.h */ = {isa = PBXFileReference; fileEncoding = 4; lastKnownFileType = sourcecode.c.h; path = yajl_lex.h; sourceTree = "<group>"; };
		1CAC77CF1214AE300037891B /* yajl_parse.h */ = {isa = PBXFileReference; fileEncoding = 4; lastKnownFileType = sourcecode.c.h; path = yajl_parse.h; sourceTree = "<group>"; };
		1CAC77D01214AE300037891B /* yajl_parser.c */ = {isa = PBXFileReference; fileEncoding = 4; lastKnownFileType = sourcecode.c.c; path = yajl_parser.c; sourceTree = "<group>"; };
		1CAC77D11214AE300037891B /* yajl_parser.h */ = {isa = PBXFileReference; fileEncoding = 4; lastKnownFileType = sourcecode.c.h; path = yajl_parser.h; sourceTree = "<group>"; };
		1CAC77D21214AE300037891B /* Seriously.h */ = {isa = PBXFileReference; fileEncoding = 4; lastKnownFileType = sourcecode.c.h; path = Seriously.h; sourceTree = "<group>"; };
		1CAC77D31214AE300037891B /* Seriously.m */ = {isa = PBXFileReference; fileEncoding = 4; lastKnownFileType = sourcecode.c.objc; path = Seriously.m; sourceTree = "<group>"; };
		1CAC77D41214AE300037891B /* SeriouslyConstants.h */ = {isa = PBXFileReference; fileEncoding = 4; lastKnownFileType = sourcecode.c.h; path = SeriouslyConstants.h; sourceTree = "<group>"; };
		1CAC77D51214AE300037891B /* SeriouslyOperation.h */ = {isa = PBXFileReference; fileEncoding = 4; lastKnownFileType = sourcecode.c.h; path = SeriouslyOperation.h; sourceTree = "<group>"; };
		1CAC77D61214AE300037891B /* SeriouslyOperation.m */ = {isa = PBXFileReference; fileEncoding = 4; lastKnownFileType = sourcecode.c.objc; path = SeriouslyOperation.m; sourceTree = "<group>"; };
		1CAC77D81214AE300037891B /* SeriouslyXML.h */ = {isa = PBXFileReference; fileEncoding = 4; lastKnownFileType = sourcecode.c.h; path = SeriouslyXML.h; sourceTree = "<group>"; };
		1CAC77D91214AE300037891B /* SeriouslyXML.m */ = {isa = PBXFileReference; fileEncoding = 4; lastKnownFileType = sourcecode.c.objc; path = SeriouslyXML.m; sourceTree = "<group>"; };
		32A70AAB03705E1F00C91783 /* Matchmaker_ios_Prefix.pch */ = {isa = PBXFileReference; fileEncoding = 4; lastKnownFileType = sourcecode.c.h; path = Matchmaker_ios_Prefix.pch; sourceTree = "<group>"; };
		AE26662A11EFB89800EE18BD /* MyModelSpec.m */ = {isa = PBXFileReference; fileEncoding = 4; lastKnownFileType = sourcecode.c.objc; path = MyModelSpec.m; sourceTree = "<group>"; };
		AE26663111EFB93400EE18BD /* MyModel.h */ = {isa = PBXFileReference; fileEncoding = 4; lastKnownFileType = sourcecode.c.h; path = MyModel.h; sourceTree = "<group>"; };
		AE26663211EFB93400EE18BD /* MyModel.m */ = {isa = PBXFileReference; fileEncoding = 4; lastKnownFileType = sourcecode.c.objc; path = MyModel.m; sourceTree = "<group>"; };
		AE26668F11EFBBA500EE18BD /* MyViewSpec.m */ = {isa = PBXFileReference; fileEncoding = 4; lastKnownFileType = sourcecode.c.objc; path = MyViewSpec.m; sourceTree = "<group>"; };
		AE2667B111EFC2B000EE18BD /* OCMock-iPhone.framework */ = {isa = PBXFileReference; lastKnownFileType = wrapper.framework; path = "OCMock-iPhone.framework"; sourceTree = "<group>"; };
		AE42778911EF8FD600CFF331 /* Cedar.framework */ = {isa = PBXFileReference; lastKnownFileType = wrapper.framework; path = Cedar.framework; sourceTree = "<group>"; };
		AE4277AC11EF914F00CFF331 /* Specs */ = {isa = PBXFileReference; includeInIndex = 0; lastKnownFileType = "compiled.mach-o.executable"; path = Specs; sourceTree = BUILT_PRODUCTS_DIR; };
		AE4277B611EF91AD00CFF331 /* OCHamcrest.framework */ = {isa = PBXFileReference; lastKnownFileType = wrapper.framework; path = OCHamcrest.framework; sourceTree = "<group>"; };
		AE4277F811EF91FB00CFF331 /* OCMock.framework */ = {isa = PBXFileReference; lastKnownFileType = wrapper.framework; path = OCMock.framework; sourceTree = "<group>"; };
		AE42792411EF992A00CFF331 /* Cedar-iPhone.framework */ = {isa = PBXFileReference; lastKnownFileType = wrapper.framework; path = "Cedar-iPhone.framework"; sourceTree = "<group>"; };
		AE42794311EF997500CFF331 /* OCHamcrest-iPhone.framework */ = {isa = PBXFileReference; lastKnownFileType = wrapper.framework; path = "OCHamcrest-iPhone.framework"; sourceTree = "<group>"; };
		AE42798211EFB40800CFF331 /* MyView.h */ = {isa = PBXFileReference; fileEncoding = 4; lastKnownFileType = sourcecode.c.h; path = MyView.h; sourceTree = "<group>"; };
		AE42798311EFB40800CFF331 /* MyView.m */ = {isa = PBXFileReference; fileEncoding = 4; lastKnownFileType = sourcecode.c.objc; path = MyView.m; sourceTree = "<group>"; };
		AE4279BA11EFB64F00CFF331 /* UISpecs.app */ = {isa = PBXFileReference; explicitFileType = wrapper.application; includeInIndex = 0; path = UISpecs.app; sourceTree = BUILT_PRODUCTS_DIR; };
		AE4279BC11EFB65000CFF331 /* UISpecs-Info.plist */ = {isa = PBXFileReference; lastKnownFileType = text.plist.xml; path = "UISpecs-Info.plist"; sourceTree = "<group>"; };
		AE4279F411EFB7A000CFF331 /* main.m */ = {isa = PBXFileReference; fileEncoding = 4; lastKnownFileType = sourcecode.c.objc; path = main.m; sourceTree = "<group>"; };
		AE427A0611EFB82600CFF331 /* main.m */ = {isa = PBXFileReference; fileEncoding = 4; lastKnownFileType = sourcecode.c.objc; path = main.m; sourceTree = "<group>"; };
/* End PBXFileReference section */

/* Begin PBXFrameworksBuildPhase section */
		1CA18178121470FB00DEDDB7 /* Frameworks */ = {
			isa = PBXFrameworksBuildPhase;
			buildActionMask = 2147483647;
			files = (
			);
			runOnlyForDeploymentPostprocessing = 0;
		};
		AE4277AA11EF914F00CFF331 /* Frameworks */ = {
			isa = PBXFrameworksBuildPhase;
			buildActionMask = 2147483647;
			files = (
				AE42780311EF921B00CFF331 /* Cedar.framework in Frameworks */,
				AE4277B711EF91AD00CFF331 /* OCHamcrest.framework in Frameworks */,
				AE4277F911EF91FB00CFF331 /* OCMock.framework in Frameworks */,
			);
			runOnlyForDeploymentPostprocessing = 0;
		};
		AE4279B811EFB64F00CFF331 /* Frameworks */ = {
			isa = PBXFrameworksBuildPhase;
			buildActionMask = 2147483647;
			files = (
				AE26667711EFBAB100EE18BD /* Cedar-iPhone.framework in Frameworks */,
				AE26667811EFBAB100EE18BD /* OCHamcrest-iPhone.framework in Frameworks */,
				AE2667B211EFC2B000EE18BD /* OCMock-iPhone.framework in Frameworks */,
			);
			runOnlyForDeploymentPostprocessing = 0;
		};
/* End PBXFrameworksBuildPhase section */

/* Begin PBXGroup section */
		08FB7794FE84155DC02AAC07 /* Matchmaker-ios */ = {
			isa = PBXGroup;
			children = (
				1CAC77B81214AE300037891B /* Vendor */,
				1CA183E0121499EE00DEDDB7 /* App */,
				1CA181D612147CD300DEDDB7 /* README */,
				AE42775B11EF8C6700CFF331 /* App */,
				AE42775E11EF8C6B00CFF331 /* Spec */,
				AE42778811EF8FD600CFF331 /* Externals */,
				1AB674ADFE9D54B511CA2CBB /* Products */,
				AE4279BC11EFB65000CFF331 /* UISpecs-Info.plist */,
				1CA1815B12146F8B00DEDDB7 /* Matchmaker-Info.plist */,
				1CA181AF1214745400DEDDB7 /* Rakefile */,
			);
			name = "Matchmaker-ios";
			sourceTree = "<group>";
		};
		1AB674ADFE9D54B511CA2CBB /* Products */ = {
			isa = PBXGroup;
			children = (
				AE4277AC11EF914F00CFF331 /* Specs */,
				AE4279BA11EFB64F00CFF331 /* UISpecs.app */,
				1CA1817A121470FB00DEDDB7 /* Matchmaker.app */,
			);
			name = Products;
			sourceTree = "<group>";
		};
		1CA180F112138A1100DEDDB7 /* Helpers */ = {
			isa = PBXGroup;
			children = (
			);
			path = Helpers;
			sourceTree = "<group>";
		};
		1CA1814112146E8100DEDDB7 /* Controllers */ = {
			isa = PBXGroup;
			children = (
				1CA1814912146ED000DEDDB7 /* GameController.h */,
				1CA1814A12146ED000DEDDB7 /* GameController.m */,
			);
			path = Controllers;
			sourceTree = "<group>";
		};
		1CA1814812146EAC00DEDDB7 /* Resources */ = {
			isa = PBXGroup;
			children = (
				1CA1815312146F6700DEDDB7 /* MainWindow.xib */,
				1CA1814C12146EE700DEDDB7 /* GameController.xib */,
			);
			path = Resources;
			sourceTree = "<group>";
		};
		1CA183E0121499EE00DEDDB7 /* App */ = {
			isa = PBXGroup;
			children = (
				1CA183E1121499EE00DEDDB7 /* Domain */,
				1CA183E6121499EE00DEDDB7 /* Matchmaker_ios_Prefix.pch */,
				1CA183E7121499EE00DEDDB7 /* UI */,
			);
			path = App;
			sourceTree = "<group>";
		};
		1CA183E1121499EE00DEDDB7 /* Domain */ = {
			isa = PBXGroup;
			children = (
				1CA183E2121499EE00DEDDB7 /* Helpers */,
				1CA183E3121499EE00DEDDB7 /* Models */,
			);
			path = Domain;
			sourceTree = "<group>";
		};
		1CA183E2121499EE00DEDDB7 /* Helpers */ = {
			isa = PBXGroup;
			children = (
			);
			path = Helpers;
			sourceTree = "<group>";
		};
		1CA183E3121499EE00DEDDB7 /* Models */ = {
			isa = PBXGroup;
			children = (
				1CA183E4121499EE00DEDDB7 /* MyModel.h */,
				1CA183E5121499EE00DEDDB7 /* MyModel.m */,
			);
			path = Models;
			sourceTree = "<group>";
		};
		1CA183E7121499EE00DEDDB7 /* UI */ = {
			isa = PBXGroup;
			children = (
				1CA183E8121499EE00DEDDB7 /* Controllers */,
				1CA183EB121499EE00DEDDB7 /* main.m */,
				1CA183EC121499EE00DEDDB7 /* MatchmakerAppDelegate.h */,
				1CA183ED121499EE00DEDDB7 /* MatchmakerAppDelegate.m */,
				1CA183EE121499EE00DEDDB7 /* Resources */,
				1CA183F1121499EE00DEDDB7 /* Views */,
			);
			path = UI;
			sourceTree = "<group>";
		};
		1CA183E8121499EE00DEDDB7 /* Controllers */ = {
			isa = PBXGroup;
			children = (
				1CA183E9121499EE00DEDDB7 /* GameController.h */,
				1CA183EA121499EE00DEDDB7 /* GameController.m */,
			);
			path = Controllers;
			sourceTree = "<group>";
		};
		1CA183EE121499EE00DEDDB7 /* Resources */ = {
			isa = PBXGroup;
			children = (
				1CA183EF121499EE00DEDDB7 /* GameController.xib */,
				1CA183F0121499EE00DEDDB7 /* MainWindow.xib */,
			);
			path = Resources;
			sourceTree = "<group>";
		};
		1CA183F1121499EE00DEDDB7 /* Views */ = {
			isa = PBXGroup;
			children = (
				1CA183F2121499EE00DEDDB7 /* MyView.h */,
				1CA183F3121499EE00DEDDB7 /* MyView.m */,
			);
			path = Views;
			sourceTree = "<group>";
		};
		1CAC769F12149AAB0037891B /* Vendor */ = {
			isa = PBXGroup;
			children = (
				1CAC76A012149AAB0037891B /* Seriously */,
			);
			path = Vendor;
			sourceTree = "<group>";
		};
		1CAC76A012149AAB0037891B /* Seriously */ = {
			isa = PBXGroup;
			children = (
				1CAC76A112149AAB0037891B /* json */,
				1CAC76B912149AAB0037891B /* Seriously.h */,
				1CAC76BA12149AAB0037891B /* Seriously.m */,
				1CAC76BB12149AAB0037891B /* SeriouslyConstants.h */,
				1CAC76BC12149AAB0037891B /* SeriouslyOperation.h */,
				1CAC76BD12149AAB0037891B /* SeriouslyOperation.m */,
				1CAC76BE12149AAB0037891B /* xml */,
			);
			path = Seriously;
			sourceTree = "<group>";
		};
		1CAC76A112149AAB0037891B /* json */ = {
			isa = PBXGroup;
			children = (
				1CAC76A212149AAB0037891B /* SeriouslyJSON.h */,
				1CAC76A312149AAB0037891B /* SeriouslyJSON.m */,
				1CAC76A412149AAB0037891B /* yajl */,
			);
			path = json;
			sourceTree = "<group>";
		};
		1CAC76A412149AAB0037891B /* yajl */ = {
			isa = PBXGroup;
			children = (
				1CAC76A512149AAB0037891B /* api */,
				1CAC76A912149AAB0037891B /* yajl.c */,
				1CAC76AA12149AAB0037891B /* yajl_alloc.c */,
				1CAC76AB12149AAB0037891B /* yajl_alloc.h */,
				1CAC76AC12149AAB0037891B /* yajl_buf.c */,
				1CAC76AD12149AAB0037891B /* yajl_buf.h */,
				1CAC76AE12149AAB0037891B /* yajl_bytestack.h */,
				1CAC76AF12149AAB0037891B /* yajl_common.h */,
				1CAC76B012149AAB0037891B /* yajl_encode.c */,
				1CAC76B112149AAB0037891B /* yajl_encode.h */,
				1CAC76B212149AAB0037891B /* yajl_gen.c */,
				1CAC76B312149AAB0037891B /* yajl_gen.h */,
				1CAC76B412149AAB0037891B /* yajl_lex.c */,
				1CAC76B512149AAB0037891B /* yajl_lex.h */,
				1CAC76B612149AAB0037891B /* yajl_parse.h */,
				1CAC76B712149AAB0037891B /* yajl_parser.c */,
				1CAC76B812149AAB0037891B /* yajl_parser.h */,
			);
			path = yajl;
			sourceTree = "<group>";
		};
		1CAC76A512149AAB0037891B /* api */ = {
			isa = PBXGroup;
			children = (
				1CAC76A612149AAB0037891B /* yajl_common.h */,
				1CAC76A712149AAB0037891B /* yajl_gen.h */,
				1CAC76A812149AAB0037891B /* yajl_parse.h */,
			);
			path = api;
			sourceTree = "<group>";
		};
		1CAC76BE12149AAB0037891B /* xml */ = {
			isa = PBXGroup;
			children = (
				1CAC76BF12149AAB0037891B /* SeriouslyXML.h */,
				1CAC76C012149AAB0037891B /* SeriouslyXML.m */,
			);
			path = xml;
			sourceTree = "<group>";
		};
		1CAC77B81214AE300037891B /* Vendor */ = {
			isa = PBXGroup;
			children = (
				1CAC77B91214AE300037891B /* Seriously */,
			);
			name = Vendor;
			path = App/Vendor;
			sourceTree = "<group>";
		};
		1CAC77B91214AE300037891B /* Seriously */ = {
			isa = PBXGroup;
			children = (
				1CAC77BA1214AE300037891B /* json */,
				1CAC77D21214AE300037891B /* Seriously.h */,
				1CAC77D31214AE300037891B /* Seriously.m */,
				1CAC77D41214AE300037891B /* SeriouslyConstants.h */,
				1CAC77D51214AE300037891B /* SeriouslyOperation.h */,
				1CAC77D61214AE300037891B /* SeriouslyOperation.m */,
				1CAC77D71214AE300037891B /* xml */,
			);
			path = Seriously;
			sourceTree = "<group>";
		};
		1CAC77BA1214AE300037891B /* json */ = {
			isa = PBXGroup;
			children = (
				1CAC77BB1214AE300037891B /* SeriouslyJSON.h */,
				1CAC77BC1214AE300037891B /* SeriouslyJSON.m */,
				1CAC77BD1214AE300037891B /* yajl */,
			);
			path = json;
			sourceTree = "<group>";
		};
		1CAC77BD1214AE300037891B /* yajl */ = {
			isa = PBXGroup;
			children = (
				1CAC77BE1214AE300037891B /* api */,
				1CAC77C21214AE300037891B /* yajl.c */,
				1CAC77C31214AE300037891B /* yajl_alloc.c */,
				1CAC77C41214AE300037891B /* yajl_alloc.h */,
				1CAC77C51214AE300037891B /* yajl_buf.c */,
				1CAC77C61214AE300037891B /* yajl_buf.h */,
				1CAC77C71214AE300037891B /* yajl_bytestack.h */,
				1CAC77C81214AE300037891B /* yajl_common.h */,
				1CAC77C91214AE300037891B /* yajl_encode.c */,
				1CAC77CA1214AE300037891B /* yajl_encode.h */,
				1CAC77CB1214AE300037891B /* yajl_gen.c */,
				1CAC77CC1214AE300037891B /* yajl_gen.h */,
				1CAC77CD1214AE300037891B /* yajl_lex.c */,
				1CAC77CE1214AE300037891B /* yajl_lex.h */,
				1CAC77CF1214AE300037891B /* yajl_parse.h */,
				1CAC77D01214AE300037891B /* yajl_parser.c */,
				1CAC77D11214AE300037891B /* yajl_parser.h */,
			);
			path = yajl;
			sourceTree = "<group>";
		};
		1CAC77BE1214AE300037891B /* api */ = {
			isa = PBXGroup;
			children = (
				1CAC77BF1214AE300037891B /* yajl_common.h */,
				1CAC77C01214AE300037891B /* yajl_gen.h */,
				1CAC77C11214AE300037891B /* yajl_parse.h */,
			);
			path = api;
			sourceTree = "<group>";
		};
		1CAC77D71214AE300037891B /* xml */ = {
			isa = PBXGroup;
			children = (
				1CAC77D81214AE300037891B /* SeriouslyXML.h */,
				1CAC77D91214AE300037891B /* SeriouslyXML.m */,
			);
			path = xml;
			sourceTree = "<group>";
		};
		AE26662C11EFB8B900EE18BD /* Domain */ = {
			isa = PBXGroup;
			children = (
				1CA180F112138A1100DEDDB7 /* Helpers */,
				AE26662D11EFB8F900EE18BD /* Models */,
			);
			path = Domain;
			sourceTree = "<group>";
		};
		AE26662D11EFB8F900EE18BD /* Models */ = {
			isa = PBXGroup;
			children = (
				AE26663111EFB93400EE18BD /* MyModel.h */,
				AE26663211EFB93400EE18BD /* MyModel.m */,
			);
			path = Models;
			sourceTree = "<group>";
		};
		AE42775B11EF8C6700CFF331 /* App */ = {
			isa = PBXGroup;
			children = (
				1CAC769F12149AAB0037891B /* Vendor */,
				AE26662C11EFB8B900EE18BD /* Domain */,
				AE42797811EFB31C00CFF331 /* UI */,
				32A70AAB03705E1F00C91783 /* Matchmaker_ios_Prefix.pch */,
			);
			path = App;
			sourceTree = "<group>";
		};
		AE42775E11EF8C6B00CFF331 /* Spec */ = {
			isa = PBXGroup;
			children = (
				AE4279F211EFB70300CFF331 /* Domain */,
				AE42797411EFB1D500CFF331 /* UI */,
			);
			path = Spec;
			sourceTree = "<group>";
		};
		AE42778811EF8FD600CFF331 /* Externals */ = {
			isa = PBXGroup;
			children = (
				AE2667B111EFC2B000EE18BD /* OCMock-iPhone.framework */,
				08FB779EFE84155DC02AAC07 /* Foundation.framework */,
				AE42778911EF8FD600CFF331 /* Cedar.framework */,
				AE4277B611EF91AD00CFF331 /* OCHamcrest.framework */,
				AE4277F811EF91FB00CFF331 /* OCMock.framework */,
				AE42792411EF992A00CFF331 /* Cedar-iPhone.framework */,
				AE42794311EF997500CFF331 /* OCHamcrest-iPhone.framework */,
			);
			path = Externals;
			sourceTree = "<group>";
		};
		AE42797411EFB1D500CFF331 /* UI */ = {
			isa = PBXGroup;
			children = (
				AE42797711EFB2FD00CFF331 /* Views */,
				AE4279F411EFB7A000CFF331 /* main.m */,
			);
			path = UI;
			sourceTree = "<group>";
		};
		AE42797711EFB2FD00CFF331 /* Views */ = {
			isa = PBXGroup;
			children = (
				AE26668F11EFBBA500EE18BD /* MyViewSpec.m */,
			);
			path = Views;
			sourceTree = "<group>";
		};
		AE42797811EFB31C00CFF331 /* UI */ = {
			isa = PBXGroup;
			children = (
				1CA1815112146F5E00DEDDB7 /* main.m */,
				1CA1814E12146F0A00DEDDB7 /* MatchmakerAppDelegate.h */,
				1CA1814F12146F0A00DEDDB7 /* MatchmakerAppDelegate.m */,
				1CA1814812146EAC00DEDDB7 /* Resources */,
				1CA1814112146E8100DEDDB7 /* Controllers */,
				AE42798111EFB3DC00CFF331 /* Views */,
			);
			path = UI;
			sourceTree = "<group>";
		};
		AE42798111EFB3DC00CFF331 /* Views */ = {
			isa = PBXGroup;
			children = (
				AE42798211EFB40800CFF331 /* MyView.h */,
				AE42798311EFB40800CFF331 /* MyView.m */,
			);
			path = Views;
			sourceTree = "<group>";
		};
		AE4279F211EFB70300CFF331 /* Domain */ = {
			isa = PBXGroup;
			children = (
				AE4279F311EFB72E00CFF331 /* Models */,
				AE427A0611EFB82600CFF331 /* main.m */,
			);
			path = Domain;
			sourceTree = "<group>";
		};
		AE4279F311EFB72E00CFF331 /* Models */ = {
			isa = PBXGroup;
			children = (
				AE26662A11EFB89800EE18BD /* MyModelSpec.m */,
			);
			path = Models;
			sourceTree = "<group>";
		};
/* End PBXGroup section */

/* Begin PBXNativeTarget section */
		1CA18179121470FB00DEDDB7 /* Matchmaker */ = {
			isa = PBXNativeTarget;
			buildConfigurationList = 1CA1817E1214711900DEDDB7 /* Build configuration list for PBXNativeTarget "Matchmaker" */;
			buildPhases = (
				1CA18176121470FB00DEDDB7 /* Resources */,
				1CA18177121470FB00DEDDB7 /* Sources */,
				1CA18178121470FB00DEDDB7 /* Frameworks */,
			);
			buildRules = (
			);
			dependencies = (
			);
			name = Matchmaker;
			productName = Matchmaker;
			productReference = 1CA1817A121470FB00DEDDB7 /* Matchmaker.app */;
			productType = "com.apple.product-type.application";
		};
		AE4277AB11EF914F00CFF331 /* Specs */ = {
			isa = PBXNativeTarget;
			buildConfigurationList = AE4277B511EF918900CFF331 /* Build configuration list for PBXNativeTarget "Specs" */;
			buildPhases = (
				AE4277A911EF914F00CFF331 /* Sources */,
				AE4277AA11EF914F00CFF331 /* Frameworks */,
				AE42781311EF92B600CFF331 /* CopyFiles */,
			);
			buildRules = (
			);
			dependencies = (
			);
			name = Specs;
			productName = Specs;
			productReference = AE4277AC11EF914F00CFF331 /* Specs */;
			productType = "com.apple.product-type.tool";
		};
		AE4279B911EFB64F00CFF331 /* UISpecs */ = {
			isa = PBXNativeTarget;
			buildConfigurationList = AE4279BF11EFB65000CFF331 /* Build configuration list for PBXNativeTarget "UISpecs" */;
			buildPhases = (
				AE4279B611EFB64F00CFF331 /* Resources */,
				AE4279B711EFB64F00CFF331 /* Sources */,
				AE4279B811EFB64F00CFF331 /* Frameworks */,
			);
			buildRules = (
			);
			dependencies = (
			);
			name = UISpecs;
			productName = UISpecs;
			productReference = AE4279BA11EFB64F00CFF331 /* UISpecs.app */;
			productType = "com.apple.product-type.application";
		};
/* End PBXNativeTarget section */

/* Begin PBXProject section */
		08FB7793FE84155DC02AAC07 /* Project object */ = {
			isa = PBXProject;
			buildConfigurationList = 1DEB927808733DD40010E9CD /* Build configuration list for PBXProject "Matchmaker-ios" */;
			compatibilityVersion = "Xcode 3.1";
			hasScannedForEncodings = 1;
			mainGroup = 08FB7794FE84155DC02AAC07 /* Matchmaker-ios */;
			projectDirPath = "";
			projectRoot = "";
			targets = (
				AE4277AB11EF914F00CFF331 /* Specs */,
				AE4279B911EFB64F00CFF331 /* UISpecs */,
				1CA18179121470FB00DEDDB7 /* Matchmaker */,
			);
		};
/* End PBXProject section */

/* Begin PBXResourcesBuildPhase section */
		1CA18176121470FB00DEDDB7 /* Resources */ = {
			isa = PBXResourcesBuildPhase;
			buildActionMask = 2147483647;
			files = (
				1CA181D712147CD300DEDDB7 /* README in Resources */,
				1CA183F8121499EE00DEDDB7 /* GameController.xib in Resources */,
				1CA183F9121499EE00DEDDB7 /* MainWindow.xib in Resources */,
			);
			runOnlyForDeploymentPostprocessing = 0;
		};
		AE4279B611EFB64F00CFF331 /* Resources */ = {
			isa = PBXResourcesBuildPhase;
			buildActionMask = 2147483647;
			files = (
				1CA1814D12146EE700DEDDB7 /* GameController.xib in Resources */,
				1CA1815412146F6700DEDDB7 /* MainWindow.xib in Resources */,
			);
			runOnlyForDeploymentPostprocessing = 0;
		};
/* End PBXResourcesBuildPhase section */

/* Begin PBXSourcesBuildPhase section */
		1CA18177121470FB00DEDDB7 /* Sources */ = {
			isa = PBXSourcesBuildPhase;
			buildActionMask = 2147483647;
			files = (
				1CA183F4121499EE00DEDDB7 /* MyModel.m in Sources */,
				1CA183F5121499EE00DEDDB7 /* GameController.m in Sources */,
				1CA183F6121499EE00DEDDB7 /* main.m in Sources */,
				1CA183F7121499EE00DEDDB7 /* MatchmakerAppDelegate.m in Sources */,
				1CA183FA121499EE00DEDDB7 /* MyView.m in Sources */,
				1CAC76C112149AAB0037891B /* SeriouslyJSON.m in Sources */,
				1CAC76C212149AAB0037891B /* yajl.c in Sources */,
				1CAC76C312149AAB0037891B /* yajl_alloc.c in Sources */,
				1CAC76C412149AAB0037891B /* yajl_buf.c in Sources */,
				1CAC76C512149AAB0037891B /* yajl_encode.c in Sources */,
				1CAC76C612149AAB0037891B /* yajl_gen.c in Sources */,
				1CAC76C712149AAB0037891B /* yajl_lex.c in Sources */,
				1CAC76C812149AAB0037891B /* yajl_parser.c in Sources */,
				1CAC76C912149AAB0037891B /* Seriously.m in Sources */,
				1CAC76CA12149AAB0037891B /* SeriouslyOperation.m in Sources */,
				1CAC76CB12149AAB0037891B /* SeriouslyXML.m in Sources */,
			);
			runOnlyForDeploymentPostprocessing = 0;
		};
		AE4277A911EF914F00CFF331 /* Sources */ = {
			isa = PBXSourcesBuildPhase;
			buildActionMask = 2147483647;
			files = (
				AE427A0711EFB82600CFF331 /* main.m in Sources */,
				AE26662B11EFB89800EE18BD /* MyModelSpec.m in Sources */,
				AE26663311EFB93400EE18BD /* MyModel.m in Sources */,
			);
			runOnlyForDeploymentPostprocessing = 0;
		};
		AE4279B711EFB64F00CFF331 /* Sources */ = {
			isa = PBXSourcesBuildPhase;
			buildActionMask = 2147483647;
			files = (
				AE4279C011EFB67F00CFF331 /* MyView.m in Sources */,
				AE4279F511EFB7A000CFF331 /* main.m in Sources */,
				AE26669011EFBBA500EE18BD /* MyViewSpec.m in Sources */,
				1CA1814B12146ED000DEDDB7 /* GameController.m in Sources */,
				1CA1815012146F0A00DEDDB7 /* MatchmakerAppDelegate.m in Sources */,
				1CAC77DA1214AE300037891B /* SeriouslyJSON.m in Sources */,
				1CAC77DB1214AE300037891B /* yajl.c in Sources */,
				1CAC77DC1214AE300037891B /* yajl_alloc.c in Sources */,
				1CAC77DD1214AE300037891B /* yajl_buf.c in Sources */,
				1CAC77DE1214AE300037891B /* yajl_encode.c in Sources */,
				1CAC77DF1214AE300037891B /* yajl_gen.c in Sources */,
				1CAC77E01214AE300037891B /* yajl_lex.c in Sources */,
				1CAC77E11214AE300037891B /* yajl_parser.c in Sources */,
				1CAC77E21214AE300037891B /* Seriously.m in Sources */,
				1CAC77E31214AE300037891B /* SeriouslyOperation.m in Sources */,
				1CAC77E41214AE300037891B /* SeriouslyXML.m in Sources */,
			);
			runOnlyForDeploymentPostprocessing = 0;
		};
/* End PBXSourcesBuildPhase section */

/* Begin XCBuildConfiguration section */
		1CA1817C121470FB00DEDDB7 /* Debug */ = {
			isa = XCBuildConfiguration;
			buildSettings = {
				ALWAYS_SEARCH_USER_PATHS = NO;
				CODE_SIGN_IDENTITY = "iPhone Developer";
				COPY_PHASE_STRIP = NO;
				GCC_DYNAMIC_NO_PIC = NO;
				GCC_OPTIMIZATION_LEVEL = 0;
				GCC_PRECOMPILE_PREFIX_HEADER = YES;
				GCC_PREFIX_HEADER = "$(SYSTEM_LIBRARY_DIR)/Frameworks/UIKit.framework/Headers/UIKit.h";
				INFOPLIST_FILE = "Matchmaker-Info.plist";
				INSTALL_PATH = "$(HOME)/Applications";
				OTHER_LDFLAGS = (
					"-framework",
					Foundation,
					"-framework",
					UIKit,
				);
				PREBINDING = NO;
				PRODUCT_NAME = Matchmaker;
				SDKROOT = iphoneos4.0;
			};
			name = Debug;
		};
		1CA1817D121470FB00DEDDB7 /* Release */ = {
			isa = XCBuildConfiguration;
			buildSettings = {
				ALWAYS_SEARCH_USER_PATHS = NO;
				CODE_SIGN_IDENTITY = "iPhone Developer";
				COPY_PHASE_STRIP = YES;
				DEBUG_INFORMATION_FORMAT = "dwarf-with-dsym";
				GCC_ENABLE_FIX_AND_CONTINUE = NO;
				GCC_PRECOMPILE_PREFIX_HEADER = YES;
				GCC_PREFIX_HEADER = "$(SYSTEM_LIBRARY_DIR)/Frameworks/UIKit.framework/Headers/UIKit.h";
				INFOPLIST_FILE = "Matchmaker-Info.plist";
				INSTALL_PATH = "$(HOME)/Applications";
				OTHER_LDFLAGS = (
					"-framework",
					Foundation,
					"-framework",
					UIKit,
				);
				PREBINDING = NO;
				PRODUCT_NAME = Matchmaker;
				SDKROOT = iphoneos4.0;
				ZERO_LINK = NO;
			};
			name = Release;
		};
		1DEB927908733DD40010E9CD /* Debug */ = {
			isa = XCBuildConfiguration;
			buildSettings = {
				ARCHS = "$(ARCHS_STANDARD_32_64_BIT)";
				GCC_C_LANGUAGE_STANDARD = c99;
				GCC_INPUT_FILETYPE = sourcecode.c.objc;
				GCC_OPTIMIZATION_LEVEL = 0;
				GCC_WARN_ABOUT_RETURN_TYPE = YES;
				GCC_WARN_UNUSED_VARIABLE = YES;
				ONLY_ACTIVE_ARCH = YES;
				PREBINDING = NO;
				SDKROOT = macosx10.6;
			};
			name = Debug;
		};
		1DEB927A08733DD40010E9CD /* Release */ = {
			isa = XCBuildConfiguration;
			buildSettings = {
				ARCHS = "$(ARCHS_STANDARD_32_64_BIT)";
				GCC_C_LANGUAGE_STANDARD = c99;
				GCC_WARN_ABOUT_RETURN_TYPE = YES;
				GCC_WARN_UNUSED_VARIABLE = YES;
				PREBINDING = NO;
				SDKROOT = macosx10.6;
			};
			name = Release;
		};
		AE4277AE11EF914F00CFF331 /* Debug */ = {
			isa = XCBuildConfiguration;
			buildSettings = {
				ALWAYS_SEARCH_USER_PATHS = NO;
				COPY_PHASE_STRIP = NO;
				FRAMEWORK_SEARCH_PATHS = (
					"$(inherited)",
					"\"$(SRCROOT)/Externals\"",
					"\"$(SRCROOT)\"",
				);
				GCC_DYNAMIC_NO_PIC = NO;
				GCC_ENABLE_FIX_AND_CONTINUE = YES;
				GCC_MODEL_TUNING = G5;
				GCC_OPTIMIZATION_LEVEL = 0;
				GCC_PRECOMPILE_PREFIX_HEADER = YES;
				GCC_PREFIX_HEADER = "";
				INSTALL_PATH = /usr/local/bin;
				OTHER_LDFLAGS = (
					"-framework",
					Foundation,
				);
				PREBINDING = NO;
				PRODUCT_NAME = Specs;
			};
			name = Debug;
		};
		AE4277AF11EF914F00CFF331 /* Release */ = {
			isa = XCBuildConfiguration;
			buildSettings = {
				ALWAYS_SEARCH_USER_PATHS = NO;
				COPY_PHASE_STRIP = YES;
				DEBUG_INFORMATION_FORMAT = "dwarf-with-dsym";
				FRAMEWORK_SEARCH_PATHS = (
					"$(inherited)",
					"\"$(SRCROOT)/Externals\"",
					"\"$(SRCROOT)\"",
				);
				GCC_ENABLE_FIX_AND_CONTINUE = NO;
				GCC_MODEL_TUNING = G5;
				GCC_PRECOMPILE_PREFIX_HEADER = YES;
				GCC_PREFIX_HEADER = "";
				INSTALL_PATH = /usr/local/bin;
				OTHER_LDFLAGS = (
					"-framework",
					Foundation,
				);
				PREBINDING = NO;
				PRODUCT_NAME = Specs;
				ZERO_LINK = NO;
			};
			name = Release;
		};
		AE4279BD11EFB65000CFF331 /* Debug */ = {
			isa = XCBuildConfiguration;
			buildSettings = {
				ALWAYS_SEARCH_USER_PATHS = NO;
				ARCHS = "$(ARCHS_STANDARD_32_BIT)";
				CODE_SIGN_IDENTITY = "iPhone Developer";
				COPY_PHASE_STRIP = NO;
				FRAMEWORK_SEARCH_PATHS = (
					"$(inherited)",
					"\"$(SRCROOT)/Externals\"",
				);
				GCC_DYNAMIC_NO_PIC = NO;
				GCC_OPTIMIZATION_LEVEL = 0;
				GCC_PRECOMPILE_PREFIX_HEADER = YES;
				GCC_PREFIX_HEADER = "$(SYSTEM_LIBRARY_DIR)/Frameworks/UIKit.framework/Headers/UIKit.h";
				INFOPLIST_FILE = "UISpecs-Info.plist";
				INSTALL_PATH = "$(HOME)/Applications";
				OTHER_LDFLAGS = (
					"-ObjC",
					"-lstdc++",
					"-framework",
					Foundation,
					"-framework",
					UIKit,
				);
				PREBINDING = NO;
				PRODUCT_NAME = UISpecs;
				SDKROOT = iphonesimulator4.0;
				VALID_ARCHS = "x86_64 i386";
			};
			name = Debug;
		};
		AE4279BE11EFB65000CFF331 /* Release */ = {
			isa = XCBuildConfiguration;
			buildSettings = {
				ALWAYS_SEARCH_USER_PATHS = NO;
				ARCHS = "$(ARCHS_STANDARD_32_BIT)";
				CODE_SIGN_IDENTITY = "iPhone Developer";
				COPY_PHASE_STRIP = YES;
				DEBUG_INFORMATION_FORMAT = "dwarf-with-dsym";
				FRAMEWORK_SEARCH_PATHS = (
					"$(inherited)",
					"\"$(SRCROOT)/Externals\"",
				);
				GCC_ENABLE_FIX_AND_CONTINUE = NO;
				GCC_PRECOMPILE_PREFIX_HEADER = YES;
				GCC_PREFIX_HEADER = "$(SYSTEM_LIBRARY_DIR)/Frameworks/UIKit.framework/Headers/UIKit.h";
				INFOPLIST_FILE = "UISpecs-Info.plist";
				INSTALL_PATH = "$(HOME)/Applications";
				OTHER_LDFLAGS = (
					"-ObjC",
					"-lstdc++",
					"-framework",
					Foundation,
					"-framework",
					UIKit,
				);
				PREBINDING = NO;
				PRODUCT_NAME = UISpecs;
				SDKROOT = iphonesimulator4.0;
				ZERO_LINK = NO;
			};
			name = Release;
		};
/* End XCBuildConfiguration section */

/* Begin XCConfigurationList section */
		1CA1817E1214711900DEDDB7 /* Build configuration list for PBXNativeTarget "Matchmaker" */ = {
			isa = XCConfigurationList;
			buildConfigurations = (
				1CA1817C121470FB00DEDDB7 /* Debug */,
				1CA1817D121470FB00DEDDB7 /* Release */,
			);
			defaultConfigurationIsVisible = 0;
			defaultConfigurationName = Release;
		};
		1DEB927808733DD40010E9CD /* Build configuration list for PBXProject "Matchmaker-ios" */ = {
			isa = XCConfigurationList;
			buildConfigurations = (
				1DEB927908733DD40010E9CD /* Debug */,
				1DEB927A08733DD40010E9CD /* Release */,
			);
			defaultConfigurationIsVisible = 0;
			defaultConfigurationName = Release;
		};
		AE4277B511EF918900CFF331 /* Build configuration list for PBXNativeTarget "Specs" */ = {
			isa = XCConfigurationList;
			buildConfigurations = (
				AE4277AE11EF914F00CFF331 /* Debug */,
				AE4277AF11EF914F00CFF331 /* Release */,
			);
			defaultConfigurationIsVisible = 0;
			defaultConfigurationName = Release;
		};
		AE4279BF11EFB65000CFF331 /* Build configuration list for PBXNativeTarget "UISpecs" */ = {
			isa = XCConfigurationList;
			buildConfigurations = (
				AE4279BD11EFB65000CFF331 /* Debug */,
				AE4279BE11EFB65000CFF331 /* Release */,
			);
			defaultConfigurationIsVisible = 0;
			defaultConfigurationName = Release;
		};
/* End XCConfigurationList section */
	};
	rootObject = 08FB7793FE84155DC02AAC07 /* Project object */;
}
